
Microsoft Visual Studio Solution File, Format Version 12.00
# Visual Studio 14
VisualStudioVersion = 14.0.25420.1
MinimumVisualStudioVersion = 10.0.40219.1
Project("{FAE04EC0-301F-11D3-BF4B-00C04F79EFBC}") = "SerilogAnalyzer", "SerilogAnalyzer\SerilogAnalyzer\SerilogAnalyzer.csproj", "{1666D457-D350-4322-B1BD-4DBDF530A882}"
EndProject
Project("{FAE04EC0-301F-11D3-BF4B-00C04F79EFBC}") = "SerilogAnalyzer.Test", "SerilogAnalyzer\SerilogAnalyzer.Test\SerilogAnalyzer.Test.csproj", "{22F07147-DF31-42B8-AD86-E391FB7D489F}"
EndProject
Project("{FAE04EC0-301F-11D3-BF4B-00C04F79EFBC}") = "SerilogAnalyzer.Vsix", "SerilogAnalyzer\SerilogAnalyzer.Vsix\SerilogAnalyzer.Vsix.csproj", "{5910AC72-0F22-437F-902A-177E0C2318A8}"
EndProject
Global
	GlobalSection(SolutionConfigurationPlatforms) = preSolution
		Debug|Any CPU = Debug|Any CPU
		Release|Any CPU = Release|Any CPU
	EndGlobalSection
	GlobalSection(ProjectConfigurationPlatforms) = postSolution
		{1666D457-D350-4322-B1BD-4DBDF530A882}.Debug|Any CPU.ActiveCfg = Debug|Any CPU
		{1666D457-D350-4322-B1BD-4DBDF530A882}.Debug|Any CPU.Build.0 = Debug|Any CPU
		{1666D457-D350-4322-B1BD-4DBDF530A882}.Release|Any CPU.ActiveCfg = Release|Any CPU
		{1666D457-D350-4322-B1BD-4DBDF530A882}.Release|Any CPU.Build.0 = Release|Any CPU
		{22F07147-DF31-42B8-AD86-E391FB7D489F}.Debug|Any CPU.ActiveCfg = Debug|Any CPU
		{22F07147-DF31-42B8-AD86-E391FB7D489F}.Debug|Any CPU.Build.0 = Debug|Any CPU
		{22F07147-DF31-42B8-AD86-E391FB7D489F}.Release|Any CPU.ActiveCfg = Release|Any CPU
		{22F07147-DF31-42B8-AD86-E391FB7D489F}.Release|Any CPU.Build.0 = Release|Any CPU
		{5910AC72-0F22-437F-902A-177E0C2318A8}.Debug|Any CPU.ActiveCfg = Debug|Any CPU
		{5910AC72-0F22-437F-902A-177E0C2318A8}.Debug|Any CPU.Build.0 = Debug|Any CPU
		{5910AC72-0F22-437F-902A-177E0C2318A8}.Release|Any CPU.ActiveCfg = Release|Any CPU
		{5910AC72-0F22-437F-902A-177E0C2318A8}.Release|Any CPU.Build.0 = Release|Any CPU
	EndGlobalSection
	GlobalSection(SolutionProperties) = preSolution
		HideSolutionNode = FALSE
	EndGlobalSection
EndGlobal
